
Microsoft Visual Studio Solution File, Format Version 12.00
# Visual Studio Version 16
VisualStudioVersion = 16.0.30907.101
MinimumVisualStudioVersion = 10.0.40219.1
Project("{9A19103F-16F7-4668-BE54-9A1E7A4F7556}") = "TailLibExample", "TailLibExample.csproj", "{729FEDD3-1A65-41D9-B5A7-0C8A900EA09D}"
EndProject
Global
	GlobalSection(SolutionConfigurationPlatforms) = preSolution
		Debug|Any CPU = Debug|Any CPU
		Release|Any CPU = Release|Any CPU
	EndGlobalSection
	GlobalSection(ProjectConfigurationPlatforms) = postSolution
		{729FEDD3-1A65-41D9-B5A7-0C8A900EA09D}.Debug|Any CPU.ActiveCfg = Debug|Any CPU
		{729FEDD3-1A65-41D9-B5A7-0C8A900EA09D}.Debug|Any CPU.Build.0 = Debug|Any CPU
		{729FEDD3-1A65-41D9-B5A7-0C8A900EA09D}.Release|Any CPU.ActiveCfg = Release|Any CPU
		{729FEDD3-1A65-41D9-B5A7-0C8A900EA09D}.Release|Any CPU.Build.0 = Release|Any CPU
	EndGlobalSection
	GlobalSection(SolutionProperties) = preSolution
		HideSolutionNode = FALSE
	EndGlobalSection
	GlobalSection(ExtensibilityGlobals) = postSolution
		SolutionGuid = {482E3B61-7F38-4BB7-A839-395AD6BC1139}
	EndGlobalSection
EndGlobal
